// !$*UTF8*$!
{
	archiveVersion = 1;
	classes = {
	};
	objectVersion = 50;
	objects = {

/* Begin PBXBuildFile section */
		6538F0042316EC9000E58D27 /* AppDelegate.swift in Sources */ = {isa = PBXBuildFile; fileRef = 6538F0032316EC9000E58D27 /* AppDelegate.swift */; };
		6538F0062316EC9000E58D27 /* ViewController.swift in Sources */ = {isa = PBXBuildFile; fileRef = 6538F0052316EC9000E58D27 /* ViewController.swift */; };
		6538F0092316EC9000E58D27 /* Main.storyboard in Resources */ = {isa = PBXBuildFile; fileRef = 6538F0072316EC9000E58D27 /* Main.storyboard */; };
		6538F00B2316EC9100E58D27 /* Assets.xcassets in Resources */ = {isa = PBXBuildFile; fileRef = 6538F00A2316EC9100E58D27 /* Assets.xcassets */; };
		6538F00E2316EC9100E58D27 /* LaunchScreen.storyboard in Resources */ = {isa = PBXBuildFile; fileRef = 6538F00C2316EC9100E58D27 /* LaunchScreen.storyboard */; };
		6538F0192316EC9100E58D27 /* SinglePhotoTests.swift in Sources */ = {isa = PBXBuildFile; fileRef = 6538F0182316EC9100E58D27 /* SinglePhotoTests.swift */; };
		6538F0242316EC9100E58D27 /* SinglePhotoUITests.swift in Sources */ = {isa = PBXBuildFile; fileRef = 6538F0232316EC9100E58D27 /* SinglePhotoUITests.swift */; };
/* End PBXBuildFile section */

/* Begin PBXContainerItemProxy section */
		6538F0152316EC9100E58D27 /* PBXContainerItemProxy */ = {
			isa = PBXContainerItemProxy;
			containerPortal = 6538EFF82316EC9000E58D27 /* Project object */;
			proxyType = 1;
			remoteGlobalIDString = 6538EFFF2316EC9000E58D27;
			remoteInfo = SinglePhoto;
		};
		6538F0202316EC9100E58D27 /* PBXContainerItemProxy */ = {
			isa = PBXContainerItemProxy;
			containerPortal = 6538EFF82316EC9000E58D27 /* Project object */;
			proxyType = 1;
			remoteGlobalIDString = 6538EFFF2316EC9000E58D27;
			remoteInfo = SinglePhoto;
		};
/* End PBXContainerItemProxy section */

/* Begin PBXFileReference section */
		6538F0002316EC9000E58D27 /* SinglePhoto.app */ = {isa = PBXFileReference; explicitFileType = wrapper.application; includeInIndex = 0; path = SinglePhoto.app; sourceTree = BUILT_PRODUCTS_DIR; };
		6538F0032316EC9000E58D27 /* AppDelegate.swift */ = {isa = PBXFileReference; lastKnownFileType = sourcecode.swift; path = AppDelegate.swift; sourceTree = "<group>"; };
		6538F0052316EC9000E58D27 /* ViewController.swift */ = {isa = PBXFileReference; lastKnownFileType = sourcecode.swift; path = ViewController.swift; sourceTree = "<group>"; };
		6538F0082316EC9000E58D27 /* Base */ = {isa = PBXFileReference; lastKnownFileType = file.storyboard; name = Base; path = Base.lproj/Main.storyboard; sourceTree = "<group>"; };
		6538F00A2316EC9100E58D27 /* Assets.xcassets */ = {isa = PBXFileReference; lastKnownFileType = folder.assetcatalog; path = Assets.xcassets; sourceTree = "<group>"; };
		6538F00D2316EC9100E58D27 /* Base */ = {isa = PBXFileReference; lastKnownFileType = file.storyboard; name = Base; path = Base.lproj/LaunchScreen.storyboard; sourceTree = "<group>"; };
		6538F00F2316EC9100E58D27 /* Info.plist */ = {isa = PBXFileReference; lastKnownFileType = text.plist.xml; path = Info.plist; sourceTree = "<group>"; };
		6538F0142316EC9100E58D27 /* SinglePhotoTests.xctest */ = {isa = PBXFileReference; explicitFileType = wrapper.cfbundle; includeInIndex = 0; path = SinglePhotoTests.xctest; sourceTree = BUILT_PRODUCTS_DIR; };
		6538F0182316EC9100E58D27 /* SinglePhotoTests.swift */ = {isa = PBXFileReference; lastKnownFileType = sourcecode.swift; path = SinglePhotoTests.swift; sourceTree = "<group>"; };
		6538F01A2316EC9100E58D27 /* Info.plist */ = {isa = PBXFileReference; lastKnownFileType = text.plist.xml; path = Info.plist; sourceTree = "<group>"; };
		6538F01F2316EC9100E58D27 /* SinglePhotoUITests.xctest */ = {isa = PBXFileReference; explicitFileType = wrapper.cfbundle; includeInIndex = 0; path = SinglePhotoUITests.xctest; sourceTree = BUILT_PRODUCTS_DIR; };
		6538F0232316EC9100E58D27 /* SinglePhotoUITests.swift */ = {isa = PBXFileReference; lastKnownFileType = sourcecode.swift; path = SinglePhotoUITests.swift; sourceTree = "<group>"; };
		6538F0252316EC9100E58D27 /* Info.plist */ = {isa = PBXFileReference; lastKnownFileType = text.plist.xml; path = Info.plist; sourceTree = "<group>"; };
/* End PBXFileReference section */

/* Begin PBXFrameworksBuildPhase section */
		6538EFFD2316EC9000E58D27 /* Frameworks */ = {
			isa = PBXFrameworksBuildPhase;
			buildActionMask = 2147483647;
			files = (
			);
			runOnlyForDeploymentPostprocessing = 0;
		};
		6538F0112316EC9100E58D27 /* Frameworks */ = {
			isa = PBXFrameworksBuildPhase;
			buildActionMask = 2147483647;
			files = (
			);
			runOnlyForDeploymentPostprocessing = 0;
		};
		6538F01C2316EC9100E58D27 /* Frameworks */ = {
			isa = PBXFrameworksBuildPhase;
			buildActionMask = 2147483647;
			files = (
			);
			runOnlyForDeploymentPostprocessing = 0;
		};
/* End PBXFrameworksBuildPhase section */

/* Begin PBXGroup section */
		6538EFF72316EC9000E58D27 = {
			isa = PBXGroup;
			children = (
				6538F0022316EC9000E58D27 /* SinglePhoto */,
				6538F0172316EC9100E58D27 /* SinglePhotoTests */,
				6538F0222316EC9100E58D27 /* SinglePhotoUITests */,
				6538F0012316EC9000E58D27 /* Products */,
			);
			sourceTree = "<group>";
		};
		6538F0012316EC9000E58D27 /* Products */ = {
			isa = PBXGroup;
			children = (
				6538F0002316EC9000E58D27 /* SinglePhoto.app */,
				6538F0142316EC9100E58D27 /* SinglePhotoTests.xctest */,
				6538F01F2316EC9100E58D27 /* SinglePhotoUITests.xctest */,
			);
			name = Products;
			sourceTree = "<group>";
		};
		6538F0022316EC9000E58D27 /* SinglePhoto */ = {
			isa = PBXGroup;
			children = (
				6538F0032316EC9000E58D27 /* AppDelegate.swift */,
				6538F0052316EC9000E58D27 /* ViewController.swift */,
				6538F0072316EC9000E58D27 /* Main.storyboard */,
				6538F00A2316EC9100E58D27 /* Assets.xcassets */,
				6538F00C2316EC9100E58D27 /* LaunchScreen.storyboard */,
				6538F00F2316EC9100E58D27 /* Info.plist */,
			);
			path = SinglePhoto;
			sourceTree = "<group>";
		};
		6538F0172316EC9100E58D27 /* SinglePhotoTests */ = {
			isa = PBXGroup;
			children = (
				6538F0182316EC9100E58D27 /* SinglePhotoTests.swift */,
				6538F01A2316EC9100E58D27 /* Info.plist */,
			);
			path = SinglePhotoTests;
			sourceTree = "<group>";
		};
		6538F0222316EC9100E58D27 /* SinglePhotoUITests */ = {
			isa = PBXGroup;
			children = (
				6538F0232316EC9100E58D27 /* SinglePhotoUITests.swift */,
				6538F0252316EC9100E58D27 /* Info.plist */,
			);
			path = SinglePhotoUITests;
			sourceTree = "<group>";
		};
/* End PBXGroup section */

/* Begin PBXNativeTarget section */
		6538EFFF2316EC9000E58D27 /* SinglePhoto */ = {
			isa = PBXNativeTarget;
			buildConfigurationList = 6538F0282316EC9100E58D27 /* Build configuration list for PBXNativeTarget "SinglePhoto" */;
			buildPhases = (
				6538EFFC2316EC9000E58D27 /* Sources */,
				6538EFFD2316EC9000E58D27 /* Frameworks */,
				6538EFFE2316EC9000E58D27 /* Resources */,
			);
			buildRules = (
			);
			dependencies = (
			);
			name = SinglePhoto;
			productName = SinglePhoto;
			productReference = 6538F0002316EC9000E58D27 /* SinglePhoto.app */;
			productType = "com.apple.product-type.application";
		};
		6538F0132316EC9100E58D27 /* SinglePhotoTests */ = {
			isa = PBXNativeTarget;
			buildConfigurationList = 6538F02B2316EC9100E58D27 /* Build configuration list for PBXNativeTarget "SinglePhotoTests" */;
			buildPhases = (
				6538F0102316EC9100E58D27 /* Sources */,
				6538F0112316EC9100E58D27 /* Frameworks */,
				6538F0122316EC9100E58D27 /* Resources */,
			);
			buildRules = (
			);
			dependencies = (
				6538F0162316EC9100E58D27 /* PBXTargetDependency */,
			);
			name = SinglePhotoTests;
			productName = SinglePhotoTests;
			productReference = 6538F0142316EC9100E58D27 /* SinglePhotoTests.xctest */;
			productType = "com.apple.product-type.bundle.unit-test";
		};
		6538F01E2316EC9100E58D27 /* SinglePhotoUITests */ = {
			isa = PBXNativeTarget;
			buildConfigurationList = 6538F02E2316EC9100E58D27 /* Build configuration list for PBXNativeTarget "SinglePhotoUITests" */;
			buildPhases = (
				6538F01B2316EC9100E58D27 /* Sources */,
				6538F01C2316EC9100E58D27 /* Frameworks */,
				6538F01D2316EC9100E58D27 /* Resources */,
			);
			buildRules = (
			);
			dependencies = (
				6538F0212316EC9100E58D27 /* PBXTargetDependency */,
			);
			name = SinglePhotoUITests;
			productName = SinglePhotoUITests;
			productReference = 6538F01F2316EC9100E58D27 /* SinglePhotoUITests.xctest */;
			productType = "com.apple.product-type.bundle.ui-testing";
		};
/* End PBXNativeTarget section */

/* Begin PBXProject section */
		6538EFF82316EC9000E58D27 /* Project object */ = {
			isa = PBXProject;
			attributes = {
				LastSwiftUpdateCheck = 1030;
				LastUpgradeCheck = 1030;
				ORGANIZATIONNAME = "Partida,Adan";
				TargetAttributes = {
					6538EFFF2316EC9000E58D27 = {
						CreatedOnToolsVersion = 10.3;
					};
					6538F0132316EC9100E58D27 = {
						CreatedOnToolsVersion = 10.3;
						TestTargetID = 6538EFFF2316EC9000E58D27;
					};
					6538F01E2316EC9100E58D27 = {
						CreatedOnToolsVersion = 10.3;
						TestTargetID = 6538EFFF2316EC9000E58D27;
					};
				};
			};
			buildConfigurationList = 6538EFFB2316EC9000E58D27 /* Build configuration list for PBXProject "SinglePhoto" */;
			compatibilityVersion = "Xcode 9.3";
			developmentRegion = en;
			hasScannedForEncodings = 0;
			knownRegions = (
				en,
				Base,
			);
			mainGroup = 6538EFF72316EC9000E58D27;
			productRefGroup = 6538F0012316EC9000E58D27 /* Products */;
			projectDirPath = "";
			projectRoot = "";
			targets = (
				6538EFFF2316EC9000E58D27 /* SinglePhoto */,
				6538F0132316EC9100E58D27 /* SinglePhotoTests */,
				6538F01E2316EC9100E58D27 /* SinglePhotoUITests */,
			);
		};
/* End PBXProject section */

/* Begin PBXResourcesBuildPhase section */
		6538EFFE2316EC9000E58D27 /* Resources */ = {
			isa = PBXResourcesBuildPhase;
			buildActionMask = 2147483647;
			files = (
				6538F00E2316EC9100E58D27 /* LaunchScreen.storyboard in Resources */,
				6538F00B2316EC9100E58D27 /* Assets.xcassets in Resources */,
				6538F0092316EC9000E58D27 /* Main.storyboard in Resources */,
			);
			runOnlyForDeploymentPostprocessing = 0;
		};
		6538F0122316EC9100E58D27 /* Resources */ = {
			isa = PBXResourcesBuildPhase;
			buildActionMask = 2147483647;
			files = (
			);
			runOnlyForDeploymentPostprocessing = 0;
		};
		6538F01D2316EC9100E58D27 /* Resources */ = {
			isa = PBXResourcesBuildPhase;
			buildActionMask = 2147483647;
			files = (
			);
			runOnlyForDeploymentPostprocessing = 0;
		};
/* End PBXResourcesBuildPhase section */

/* Begin PBXSourcesBuildPhase section */
		6538EFFC2316EC9000E58D27 /* Sources */ = {
			isa = PBXSourcesBuildPhase;
			buildActionMask = 2147483647;
			files = (
				6538F0062316EC9000E58D27 /* ViewController.swift in Sources */,
				6538F0042316EC9000E58D27 /* AppDelegate.swift in Sources */,
			);
			runOnlyForDeploymentPostprocessing = 0;
		};
		6538F0102316EC9100E58D27 /* Sources */ = {
			isa = PBXSourcesBuildPhase;
			buildActionMask = 2147483647;
			files = (
				6538F0192316EC9100E58D27 /* SinglePhotoTests.swift in Sources */,
			);
			runOnlyForDeploymentPostprocessing = 0;
		};
		6538F01B2316EC9100E58D27 /* Sources */ = {
			isa = PBXSourcesBuildPhase;
			buildActionMask = 2147483647;
			files = (
				6538F0242316EC9100E58D27 /* SinglePhotoUITests.swift in Sources */,
			);
			runOnlyForDeploymentPostprocessing = 0;
		};
/* End PBXSourcesBuildPhase section */

/* Begin PBXTargetDependency section */
		6538F0162316EC9100E58D27 /* PBXTargetDependency */ = {
			isa = PBXTargetDependency;
			target = 6538EFFF2316EC9000E58D27 /* SinglePhoto */;
			targetProxy = 6538F0152316EC9100E58D27 /* PBXContainerItemProxy */;
		};
		6538F0212316EC9100E58D27 /* PBXTargetDependency */ = {
			isa = PBXTargetDependency;
			target = 6538EFFF2316EC9000E58D27 /* SinglePhoto */;
			targetProxy = 6538F0202316EC9100E58D27 /* PBXContainerItemProxy */;
		};
/* End PBXTargetDependency section */

/* Begin PBXVariantGroup section */
		6538F0072316EC9000E58D27 /* Main.storyboard */ = {
			isa = PBXVariantGroup;
			children = (
				6538F0082316EC9000E58D27 /* Base */,
			);
			name = Main.storyboard;
			sourceTree = "<group>";
		};
		6538F00C2316EC9100E58D27 /* LaunchScreen.storyboard */ = {
			isa = PBXVariantGroup;
			children = (
				6538F00D2316EC9100E58D27 /* Base */,
			);
			name = LaunchScreen.storyboard;
			sourceTree = "<group>";
		};
/* End PBXVariantGroup section */

/* Begin XCBuildConfiguration section */
		6538F0262316EC9100E58D27 /* Debug */ = {
			isa = XCBuildConfiguration;
			buildSettings = {
				ALWAYS_SEARCH_USER_PATHS = NO;
				CLANG_ANALYZER_NONNULL = YES;
				CLANG_ANALYZER_NUMBER_OBJECT_CONVERSION = YES_AGGRESSIVE;
				CLANG_CXX_LANGUAGE_STANDARD = "gnu++14";
				CLANG_CXX_LIBRARY = "libc++";
				CLANG_ENABLE_MODULES = YES;
				CLANG_ENABLE_OBJC_ARC = YES;
				CLANG_ENABLE_OBJC_WEAK = YES;
				CLANG_WARN_BLOCK_CAPTURE_AUTORELEASING = YES;
				CLANG_WARN_BOOL_CONVERSION = YES;
				CLANG_WARN_COMMA = YES;
				CLANG_WARN_CONSTANT_CONVERSION = YES;
				CLANG_WARN_DEPRECATED_OBJC_IMPLEMENTATIONS = YES;
				CLANG_WARN_DIRECT_OBJC_ISA_USAGE = YES_ERROR;
				CLANG_WARN_DOCUMENTATION_COMMENTS = YES;
				CLANG_WARN_EMPTY_BODY = YES;
				CLANG_WARN_ENUM_CONVERSION = YES;
				CLANG_WARN_INFINITE_RECURSION = YES;
				CLANG_WARN_INT_CONVERSION = YES;
				CLANG_WARN_NON_LITERAL_NULL_CONVERSION = YES;
				CLANG_WARN_OBJC_IMPLICIT_RETAIN_SELF = YES;
				CLANG_WARN_OBJC_LITERAL_CONVERSION = YES;
				CLANG_WARN_OBJC_ROOT_CLASS = YES_ERROR;
				CLANG_WARN_RANGE_LOOP_ANALYSIS = YES;
				CLANG_WARN_STRICT_PROTOTYPES = YES;
				CLANG_WARN_SUSPICIOUS_MOVE = YES;
				CLANG_WARN_UNGUARDED_AVAILABILITY = YES_AGGRESSIVE;
				CLANG_WARN_UNREACHABLE_CODE = YES;
				CLANG_WARN__DUPLICATE_METHOD_MATCH = YES;
				CODE_SIGN_IDENTITY = "iPhone Developer";
				COPY_PHASE_STRIP = NO;
				DEBUG_INFORMATION_FORMAT = dwarf;
				ENABLE_STRICT_OBJC_MSGSEND = YES;
				ENABLE_TESTABILITY = YES;
				GCC_C_LANGUAGE_STANDARD = gnu11;
				GCC_DYNAMIC_NO_PIC = NO;
				GCC_NO_COMMON_BLOCKS = YES;
				GCC_OPTIMIZATION_LEVEL = 0;
				GCC_PREPROCESSOR_DEFINITIONS = (
					"DEBUG=1",
					"$(inherited)",
				);
				GCC_WARN_64_TO_32_BIT_CONVERSION = YES;
				GCC_WARN_ABOUT_RETURN_TYPE = YES_ERROR;
				GCC_WARN_UNDECLARED_SELECTOR = YES;
				GCC_WARN_UNINITIALIZED_AUTOS = YES_AGGRESSIVE;
				GCC_WARN_UNUSED_FUNCTION = YES;
				GCC_WARN_UNUSED_VARIABLE = YES;
				IPHONEOS_DEPLOYMENT_TARGET = 12.4;
				MTL_ENABLE_DEBUG_INFO = INCLUDE_SOURCE;
				MTL_FAST_MATH = YES;
				ONLY_ACTIVE_ARCH = YES;
				SDKROOT = iphoneos;
				SWIFT_ACTIVE_COMPILATION_CONDITIONS = DEBUG;
				SWIFT_OPTIMIZATION_LEVEL = "-Onone";
			};
			name = Debug;
		};
		6538F0272316EC9100E58D27 /* Release */ = {
			isa = XCBuildConfiguration;
			buildSettings = {
				ALWAYS_SEARCH_USER_PATHS = NO;
				CLANG_ANALYZER_NONNULL = YES;
				CLANG_ANALYZER_NUMBER_OBJECT_CONVERSION = YES_AGGRESSIVE;
				CLANG_CXX_LANGUAGE_STANDARD = "gnu++14";
				CLANG_CXX_LIBRARY = "libc++";
				CLANG_ENABLE_MODULES = YES;
				CLANG_ENABLE_OBJC_ARC = YES;
				CLANG_ENABLE_OBJC_WEAK = YES;
				CLANG_WARN_BLOCK_CAPTURE_AUTORELEASING = YES;
				CLANG_WARN_BOOL_CONVERSION = YES;
				CLANG_WARN_COMMA = YES;
				CLANG_WARN_CONSTANT_CONVERSION = YES;
				CLANG_WARN_DEPRECATED_OBJC_IMPLEMENTATIONS = YES;
				CLANG_WARN_DIRECT_OBJC_ISA_USAGE = YES_ERROR;
				CLANG_WARN_DOCUMENTATION_COMMENTS = YES;
				CLANG_WARN_EMPTY_BODY = YES;
				CLANG_WARN_ENUM_CONVERSION = YES;
				CLANG_WARN_INFINITE_RECURSION = YES;
				CLANG_WARN_INT_CONVERSION = YES;
				CLANG_WARN_NON_LITERAL_NULL_CONVERSION = YES;
				CLANG_WARN_OBJC_IMPLICIT_RETAIN_SELF = YES;
				CLANG_WARN_OBJC_LITERAL_CONVERSION = YES;
				CLANG_WARN_OBJC_ROOT_CLASS = YES_ERROR;
				CLANG_WARN_RANGE_LOOP_ANALYSIS = YES;
				CLANG_WARN_STRICT_PROTOTYPES = YES;
				CLANG_WARN_SUSPICIOUS_MOVE = YES;
				CLANG_WARN_UNGUARDED_AVAILABILITY = YES_AGGRESSIVE;
				CLANG_WARN_UNREACHABLE_CODE = YES;
				CLANG_WARN__DUPLICATE_METHOD_MATCH = YES;
				CODE_SIGN_IDENTITY = "iPhone Developer";
				COPY_PHASE_STRIP = NO;
				DEBUG_INFORMATION_FORMAT = "dwarf-with-dsym";
				ENABLE_NS_ASSERTIONS = NO;
				ENABLE_STRICT_OBJC_MSGSEND = YES;
				GCC_C_LANGUAGE_STANDARD = gnu11;
				GCC_NO_COMMON_BLOCKS = YES;
				GCC_WARN_64_TO_32_BIT_CONVERSION = YES;
				GCC_WARN_ABOUT_RETURN_TYPE = YES_ERROR;
				GCC_WARN_UNDECLARED_SELECTOR = YES;
				GCC_WARN_UNINITIALIZED_AUTOS = YES_AGGRESSIVE;
				GCC_WARN_UNUSED_FUNCTION = YES;
				GCC_WARN_UNUSED_VARIABLE = YES;
				IPHONEOS_DEPLOYMENT_TARGET = 12.4;
				MTL_ENABLE_DEBUG_INFO = NO;
				MTL_FAST_MATH = YES;
				SDKROOT = iphoneos;
				SWIFT_COMPILATION_MODE = wholemodule;
				SWIFT_OPTIMIZATION_LEVEL = "-O";
				VALIDATE_PRODUCT = YES;
			};
			name = Release;
		};
		6538F0292316EC9100E58D27 /* Debug */ = {
			isa = XCBuildConfiguration;
			buildSettings = {
				ASSETCATALOG_COMPILER_APPICON_NAME = AppIcon;
				CODE_SIGN_STYLE = Automatic;
				DEVELOPMENT_TEAM = QY9KUL5VFN;
				INFOPLIST_FILE = SinglePhoto/Info.plist;
				LD_RUNPATH_SEARCH_PATHS = (
					"$(inherited)",
					"@executable_path/Frameworks",
				);
				PRODUCT_BUNDLE_IDENTIFIER = ADA2029617.SinglePhoto;
				PRODUCT_NAME = "$(TARGET_NAME)";
				SWIFT_VERSION = 5.0;
				TARGETED_DEVICE_FAMILY = "1,2";
			};
			name = Debug;
		};
		6538F02A2316EC9100E58D27 /* Release */ = {
			isa = XCBuildConfiguration;
			buildSettings = {
				ASSETCATALOG_COMPILER_APPICON_NAME = AppIcon;
				CODE_SIGN_STYLE = Automatic;
				DEVELOPMENT_TEAM = QY9KUL5VFN;
				INFOPLIST_FILE = SinglePhoto/Info.plist;
				LD_RUNPATH_SEARCH_PATHS = (
					"$(inherited)",
					"@executable_path/Frameworks",
				);
				PRODUCT_BUNDLE_IDENTIFIER = ADA2029617.SinglePhoto;
				PRODUCT_NAME = "$(TARGET_NAME)";
				SWIFT_VERSION = 5.0;
				TARGETED_DEVICE_FAMILY = "1,2";
			};
			name = Release;
		};
		6538F02C2316EC9100E58D27 /* Debug */ = {
			isa = XCBuildConfiguration;
			buildSettings = {
				ALWAYS_EMBED_SWIFT_STANDARD_LIBRARIES = YES;
				BUNDLE_LOADER = "$(TEST_HOST)";
				CODE_SIGN_STYLE = Automatic;
				DEVELOPMENT_TEAM = QY9KUL5VFN;
				INFOPLIST_FILE = SinglePhotoTests/Info.plist;
				LD_RUNPATH_SEARCH_PATHS = (
					"$(inherited)",
					"@executable_path/Frameworks",
					"@loader_path/Frameworks",
				);
				PRODUCT_BUNDLE_IDENTIFIER = ADA2029617.SinglePhotoTests;
				PRODUCT_NAME = "$(TARGET_NAME)";
				SWIFT_VERSION = 5.0;
				TARGETED_DEVICE_FAMILY = "1,2";
				TEST_HOST = "$(BUILT_PRODUCTS_DIR)/SinglePhoto.app/SinglePhoto";
			};
			name = Debug;
		};
		6538F02D2316EC9100E58D27 /* Release */ = {
			isa = XCBuildConfiguration;
			buildSettings = {
				ALWAYS_EMBED_SWIFT_STANDARD_LIBRARIES = YES;
				BUNDLE_LOADER = "$(TEST_HOST)";
				CODE_SIGN_STYLE = Automatic;
				DEVELOPMENT_TEAM = QY9KUL5VFN;
				INFOPLIST_FILE = SinglePhotoTests/Info.plist;
				LD_RUNPATH_SEARCH_PATHS = (
					"$(inherited)",
					"@executable_path/Frameworks",
					"@loader_path/Frameworks",
				);
				PRODUCT_BUNDLE_IDENTIFIER = ADA2029617.SinglePhotoTests;
				PRODUCT_NAME = "$(TARGET_NAME)";
				SWIFT_VERSION = 5.0;
				TARGETED_DEVICE_FAMILY = "1,2";
				TEST_HOST = "$(BUILT_PRODUCTS_DIR)/SinglePhoto.app/SinglePhoto";
			};
			name = Release;
		};
		6538F02F2316EC9100E58D27 /* Debug */ = {
			isa = XCBuildConfiguration;
			buildSettings = {
				ALWAYS_EMBED_SWIFT_STANDARD_LIBRARIES = YES;
				CODE_SIGN_STYLE = Automatic;
				DEVELOPMENT_TEAM = QY9KUL5VFN;
				INFOPLIST_FILE = SinglePhotoUITests/Info.plist;
				LD_RUNPATH_SEARCH_PATHS = (
					"$(inherited)",
					"@executable_path/Frameworks",
					"@loader_path/Frameworks",
				);
				PRODUCT_BUNDLE_IDENTIFIER = ADA2029617.SinglePhotoUITests;
				PRODUCT_NAME = "$(TARGET_NAME)";
				SWIFT_VERSION = 5.0;
				TARGETED_DEVICE_FAMILY = "1,2";
				TEST_TARGET_NAME = SinglePhoto;
			};
			name = Debug;
		};
		6538F0302316EC9100E58D27 /* Release */ = {
			isa = XCBuildConfiguration;
			buildSettings = {
				ALWAYS_EMBED_SWIFT_STANDARD_LIBRARIES = YES;
				CODE_SIGN_STYLE = Automatic;
				DEVELOPMENT_TEAM = QY9KUL5VFN;
				INFOPLIST_FILE = SinglePhotoUITests/Info.plist;
				LD_RUNPATH_SEARCH_PATHS = (
					"$(inherited)",
					"@executable_path/Frameworks",
					"@loader_path/Frameworks",
				);
				PRODUCT_BUNDLE_IDENTIFIER = ADA2029617.SinglePhotoUITests;
				PRODUCT_NAME = "$(TARGET_NAME)";
				SWIFT_VERSION = 5.0;
				TARGETED_DEVICE_FAMILY = "1,2";
				TEST_TARGET_NAME = SinglePhoto;
			};
			name = Release;
		};
/* End XCBuildConfiguration section */

/* Begin XCConfigurationList section */
		6538EFFB2316EC9000E58D27 /* Build configuration list for PBXProject "SinglePhoto" */ = {
			isa = XCConfigurationList;
			buildConfigurations = (
				6538F0262316EC9100E58D27 /* Debug */,
				6538F0272316EC9100E58D27 /* Release */,
			);
			defaultConfigurationIsVisible = 0;
			defaultConfigurationName = Release;
		};
		6538F0282316EC9100E58D27 /* Build configuration list for PBXNativeTarget "SinglePhoto" */ = {
			isa = XCConfigurationList;
			buildConfigurations = (
				6538F0292316EC9100E58D27 /* Debug */,
				6538F02A2316EC9100E58D27 /* Release */,
			);
			defaultConfigurationIsVisible = 0;
			defaultConfigurationName = Release;
		};
		6538F02B2316EC9100E58D27 /* Build configuration list for PBXNativeTarget "SinglePhotoTests" */ = {
			isa = XCConfigurationList;
			buildConfigurations = (
				6538F02C2316EC9100E58D27 /* Debug */,
				6538F02D2316EC9100E58D27 /* Release */,
			);
			defaultConfigurationIsVisible = 0;
			defaultConfigurationName = Release;
		};
		6538F02E2316EC9100E58D27 /* Build configuration list for PBXNativeTarget "SinglePhotoUITests" */ = {
			isa = XCConfigurationList;
			buildConfigurations = (
				6538F02F2316EC9100E58D27 /* Debug */,
				6538F0302316EC9100E58D27 /* Release */,
			);
			defaultConfigurationIsVisible = 0;
			defaultConfigurationName = Release;
		};
/* End XCConfigurationList section */
	};
	rootObject = 6538EFF82316EC9000E58D27 /* Project object */;
}
